// !$*UTF8*$!
{
	archiveVersion = 1;
	classes = {
	};
	objectVersion = 46;
	objects = {

/* Begin PBXBuildFile section */
		C49C2BEB1D9D851C0051B9D8 /* AppDelegate.m in Sources */ = {isa = PBXBuildFile; fileRef = C49C2BEA1D9D851C0051B9D8 /* AppDelegate.m */; };
		C49C2BEE1D9D851C0051B9D8 /* main.m in Sources */ = {isa = PBXBuildFile; fileRef = C49C2BED1D9D851C0051B9D8 /* main.m */; };
		C49C2BF31D9D851C0051B9D8 /* Assets.xcassets in Resources */ = {isa = PBXBuildFile; fileRef = C49C2BF21D9D851C0051B9D8 /* Assets.xcassets */; };
		C49C2BF61D9D851C0051B9D8 /* Main.storyboard in Resources */ = {isa = PBXBuildFile; fileRef = C49C2BF41D9D851C0051B9D8 /* Main.storyboard */; };
		C49C2C011D9D851C0051B9D8 /* apmTests.m in Sources */ = {isa = PBXBuildFile; fileRef = C49C2C001D9D851C0051B9D8 /* apmTests.m */; };
		C49C2C0C1D9D851C0051B9D8 /* apmUITests.m in Sources */ = {isa = PBXBuildFile; fileRef = C49C2C0B1D9D851C0051B9D8 /* apmUITests.m */; };
		C49C2C1D1D9D885B0051B9D8 /* APM.m in Sources */ = {isa = PBXBuildFile; fileRef = C49C2C1C1D9D885B0051B9D8 /* APM.m */; };
		C49C2C201D9D8AD30051B9D8 /* ApmStatusItem.m in Sources */ = {isa = PBXBuildFile; fileRef = C49C2C1F1D9D8AD30051B9D8 /* ApmStatusItem.m */; };
/* End PBXBuildFile section */

/* Begin PBXContainerItemProxy section */
		C49C2BFD1D9D851C0051B9D8 /* PBXContainerItemProxy */ = {
			isa = PBXContainerItemProxy;
			containerPortal = C49C2BDE1D9D851C0051B9D8 /* Project object */;
			proxyType = 1;
			remoteGlobalIDString = C49C2BE51D9D851C0051B9D8;
			remoteInfo = apm;
		};
		C49C2C081D9D851C0051B9D8 /* PBXContainerItemProxy */ = {
			isa = PBXContainerItemProxy;
			containerPortal = C49C2BDE1D9D851C0051B9D8 /* Project object */;
			proxyType = 1;
			remoteGlobalIDString = C49C2BE51D9D851C0051B9D8;
			remoteInfo = apm;
		};
/* End PBXContainerItemProxy section */

/* Begin PBXFileReference section */
		C49C2BE61D9D851C0051B9D8 /* apm.app */ = {isa = PBXFileReference; explicitFileType = wrapper.application; includeInIndex = 0; path = apm.app; sourceTree = BUILT_PRODUCTS_DIR; };
		C49C2BE91D9D851C0051B9D8 /* AppDelegate.h */ = {isa = PBXFileReference; lastKnownFileType = sourcecode.c.h; path = AppDelegate.h; sourceTree = "<group>"; };
		C49C2BEA1D9D851C0051B9D8 /* AppDelegate.m */ = {isa = PBXFileReference; lastKnownFileType = sourcecode.c.objc; path = AppDelegate.m; sourceTree = "<group>"; };
		C49C2BED1D9D851C0051B9D8 /* main.m */ = {isa = PBXFileReference; lastKnownFileType = sourcecode.c.objc; path = main.m; sourceTree = "<group>"; };
		C49C2BF21D9D851C0051B9D8 /* Assets.xcassets */ = {isa = PBXFileReference; lastKnownFileType = folder.assetcatalog; path = Assets.xcassets; sourceTree = "<group>"; };
		C49C2BF51D9D851C0051B9D8 /* Base */ = {isa = PBXFileReference; lastKnownFileType = file.storyboard; name = Base; path = Base.lproj/Main.storyboard; sourceTree = "<group>"; };
		C49C2BF71D9D851C0051B9D8 /* Info.plist */ = {isa = PBXFileReference; lastKnownFileType = text.plist.xml; path = Info.plist; sourceTree = "<group>"; };
		C49C2BFC1D9D851C0051B9D8 /* apmTests.xctest */ = {isa = PBXFileReference; explicitFileType = wrapper.cfbundle; includeInIndex = 0; path = apmTests.xctest; sourceTree = BUILT_PRODUCTS_DIR; };
		C49C2C001D9D851C0051B9D8 /* apmTests.m */ = {isa = PBXFileReference; lastKnownFileType = sourcecode.c.objc; path = apmTests.m; sourceTree = "<group>"; };
		C49C2C021D9D851C0051B9D8 /* Info.plist */ = {isa = PBXFileReference; lastKnownFileType = text.plist.xml; path = Info.plist; sourceTree = "<group>"; };
		C49C2C071D9D851C0051B9D8 /* apmUITests.xctest */ = {isa = PBXFileReference; explicitFileType = wrapper.cfbundle; includeInIndex = 0; path = apmUITests.xctest; sourceTree = BUILT_PRODUCTS_DIR; };
		C49C2C0B1D9D851C0051B9D8 /* apmUITests.m */ = {isa = PBXFileReference; lastKnownFileType = sourcecode.c.objc; path = apmUITests.m; sourceTree = "<group>"; };
		C49C2C0D1D9D851C0051B9D8 /* Info.plist */ = {isa = PBXFileReference; lastKnownFileType = text.plist.xml; path = Info.plist; sourceTree = "<group>"; };
		C49C2C1B1D9D885B0051B9D8 /* APM.h */ = {isa = PBXFileReference; fileEncoding = 4; lastKnownFileType = sourcecode.c.h; path = APM.h; sourceTree = "<group>"; };
		C49C2C1C1D9D885B0051B9D8 /* APM.m */ = {isa = PBXFileReference; fileEncoding = 4; lastKnownFileType = sourcecode.c.objc; path = APM.m; sourceTree = "<group>"; };
		C49C2C1E1D9D8AD30051B9D8 /* ApmStatusItem.h */ = {isa = PBXFileReference; fileEncoding = 4; lastKnownFileType = sourcecode.c.h; path = ApmStatusItem.h; sourceTree = "<group>"; };
		C49C2C1F1D9D8AD30051B9D8 /* ApmStatusItem.m */ = {isa = PBXFileReference; fileEncoding = 4; lastKnownFileType = sourcecode.c.objc; path = ApmStatusItem.m; sourceTree = "<group>"; };
/* End PBXFileReference section */

/* Begin PBXFrameworksBuildPhase section */
		C49C2BE31D9D851C0051B9D8 /* Frameworks */ = {
			isa = PBXFrameworksBuildPhase;
			buildActionMask = 2147483647;
			files = (
			);
			runOnlyForDeploymentPostprocessing = 0;
		};
		C49C2BF91D9D851C0051B9D8 /* Frameworks */ = {
			isa = PBXFrameworksBuildPhase;
			buildActionMask = 2147483647;
			files = (
			);
			runOnlyForDeploymentPostprocessing = 0;
		};
		C49C2C041D9D851C0051B9D8 /* Frameworks */ = {
			isa = PBXFrameworksBuildPhase;
			buildActionMask = 2147483647;
			files = (
			);
			runOnlyForDeploymentPostprocessing = 0;
		};
/* End PBXFrameworksBuildPhase section */

/* Begin PBXGroup section */
		C49C2BDD1D9D851C0051B9D8 = {
			isa = PBXGroup;
			children = (
				C49C2BE81D9D851C0051B9D8 /* apm */,
				C49C2BFF1D9D851C0051B9D8 /* apmTests */,
				C49C2C0A1D9D851C0051B9D8 /* apmUITests */,
				C49C2BE71D9D851C0051B9D8 /* Products */,
			);
			sourceTree = "<group>";
		};
		C49C2BE71D9D851C0051B9D8 /* Products */ = {
			isa = PBXGroup;
			children = (
				C49C2BE61D9D851C0051B9D8 /* apm.app */,
				C49C2BFC1D9D851C0051B9D8 /* apmTests.xctest */,
				C49C2C071D9D851C0051B9D8 /* apmUITests.xctest */,
			);
			name = Products;
			sourceTree = "<group>";
		};
		C49C2BE81D9D851C0051B9D8 /* apm */ = {
			isa = PBXGroup;
			children = (
				C49C2C241D9DBBE30051B9D8 /* Models */,
				C49C2C1A1D9D88210051B9D8 /* Storyboard */,
				C49C2C191D9D880D0051B9D8 /* Controllers */,
				C49C2BEC1D9D851C0051B9D8 /* Supporting Files */,
			);
			path = apm;
			sourceTree = "<group>";
		};
		C49C2BEC1D9D851C0051B9D8 /* Supporting Files */ = {
			isa = PBXGroup;
			children = (
				C49C2BE91D9D851C0051B9D8 /* AppDelegate.h */,
				C49C2BEA1D9D851C0051B9D8 /* AppDelegate.m */,
				C49C2BF21D9D851C0051B9D8 /* Assets.xcassets */,
				C49C2BF71D9D851C0051B9D8 /* Info.plist */,
				C49C2BED1D9D851C0051B9D8 /* main.m */,
			);
			name = "Supporting Files";
			sourceTree = "<group>";
		};
		C49C2BFF1D9D851C0051B9D8 /* apmTests */ = {
			isa = PBXGroup;
			children = (
				C49C2C001D9D851C0051B9D8 /* apmTests.m */,
				C49C2C021D9D851C0051B9D8 /* Info.plist */,
			);
			path = apmTests;
			sourceTree = "<group>";
		};
		C49C2C0A1D9D851C0051B9D8 /* apmUITests */ = {
			isa = PBXGroup;
			children = (
				C49C2C0B1D9D851C0051B9D8 /* apmUITests.m */,
				C49C2C0D1D9D851C0051B9D8 /* Info.plist */,
			);
			path = apmUITests;
			sourceTree = "<group>";
		};
		C49C2C191D9D880D0051B9D8 /* Controllers */ = {
			isa = PBXGroup;
			children = (
				C49C2C1E1D9D8AD30051B9D8 /* ApmStatusItem.h */,
				C49C2C1F1D9D8AD30051B9D8 /* ApmStatusItem.m */,
			);
			name = Controllers;
			sourceTree = "<group>";
		};
		C49C2C1A1D9D88210051B9D8 /* Storyboard */ = {
			isa = PBXGroup;
			children = (
				C49C2BF41D9D851C0051B9D8 /* Main.storyboard */,
			);
			name = Storyboard;
			sourceTree = "<group>";
		};
		C49C2C241D9DBBE30051B9D8 /* Models */ = {
			isa = PBXGroup;
			children = (
				C49C2C1B1D9D885B0051B9D8 /* APM.h */,
				C49C2C1C1D9D885B0051B9D8 /* APM.m */,
			);
			name = Models;
			sourceTree = "<group>";
		};
/* End PBXGroup section */

/* Begin PBXNativeTarget section */
		C49C2BE51D9D851C0051B9D8 /* apm */ = {
			isa = PBXNativeTarget;
			buildConfigurationList = C49C2C101D9D851C0051B9D8 /* Build configuration list for PBXNativeTarget "apm" */;
			buildPhases = (
				C49C2BE21D9D851C0051B9D8 /* Sources */,
				C49C2BE31D9D851C0051B9D8 /* Frameworks */,
				C49C2BE41D9D851C0051B9D8 /* Resources */,
			);
			buildRules = (
			);
			dependencies = (
			);
			name = apm;
			productName = apm;
			productReference = C49C2BE61D9D851C0051B9D8 /* apm.app */;
			productType = "com.apple.product-type.application";
		};
		C49C2BFB1D9D851C0051B9D8 /* apmTests */ = {
			isa = PBXNativeTarget;
			buildConfigurationList = C49C2C131D9D851C0051B9D8 /* Build configuration list for PBXNativeTarget "apmTests" */;
			buildPhases = (
				C49C2BF81D9D851C0051B9D8 /* Sources */,
				C49C2BF91D9D851C0051B9D8 /* Frameworks */,
				C49C2BFA1D9D851C0051B9D8 /* Resources */,
			);
			buildRules = (
			);
			dependencies = (
				C49C2BFE1D9D851C0051B9D8 /* PBXTargetDependency */,
			);
			name = apmTests;
			productName = apmTests;
			productReference = C49C2BFC1D9D851C0051B9D8 /* apmTests.xctest */;
			productType = "com.apple.product-type.bundle.unit-test";
		};
		C49C2C061D9D851C0051B9D8 /* apmUITests */ = {
			isa = PBXNativeTarget;
			buildConfigurationList = C49C2C161D9D851C0051B9D8 /* Build configuration list for PBXNativeTarget "apmUITests" */;
			buildPhases = (
				C49C2C031D9D851C0051B9D8 /* Sources */,
				C49C2C041D9D851C0051B9D8 /* Frameworks */,
				C49C2C051D9D851C0051B9D8 /* Resources */,
			);
			buildRules = (
			);
			dependencies = (
				C49C2C091D9D851C0051B9D8 /* PBXTargetDependency */,
			);
			name = apmUITests;
			productName = apmUITests;
			productReference = C49C2C071D9D851C0051B9D8 /* apmUITests.xctest */;
			productType = "com.apple.product-type.bundle.ui-testing";
		};
/* End PBXNativeTarget section */

/* Begin PBXProject section */
		C49C2BDE1D9D851C0051B9D8 /* Project object */ = {
			isa = PBXProject;
			attributes = {
				LastUpgradeCheck = 0800;
				ORGANIZATIONNAME = "Steve Henderson";
				TargetAttributes = {
					C49C2BE51D9D851C0051B9D8 = {
						CreatedOnToolsVersion = 8.0;
						DevelopmentTeam = SSS6A38FSJ;
						ProvisioningStyle = Automatic;
					};
					C49C2BFB1D9D851C0051B9D8 = {
						CreatedOnToolsVersion = 8.0;
						DevelopmentTeam = SSS6A38FSJ;
						ProvisioningStyle = Automatic;
						TestTargetID = C49C2BE51D9D851C0051B9D8;
					};
					C49C2C061D9D851C0051B9D8 = {
						CreatedOnToolsVersion = 8.0;
						DevelopmentTeam = SSS6A38FSJ;
						ProvisioningStyle = Automatic;
						TestTargetID = C49C2BE51D9D851C0051B9D8;
					};
				};
			};
			buildConfigurationList = C49C2BE11D9D851C0051B9D8 /* Build configuration list for PBXProject "apm" */;
			compatibilityVersion = "Xcode 3.2";
			developmentRegion = English;
			hasScannedForEncodings = 0;
			knownRegions = (
				en,
				Base,
			);
			mainGroup = C49C2BDD1D9D851C0051B9D8;
			productRefGroup = C49C2BE71D9D851C0051B9D8 /* Products */;
			projectDirPath = "";
			projectRoot = "";
			targets = (
				C49C2BE51D9D851C0051B9D8 /* apm */,
				C49C2BFB1D9D851C0051B9D8 /* apmTests */,
				C49C2C061D9D851C0051B9D8 /* apmUITests */,
			);
		};
/* End PBXProject section */

/* Begin PBXResourcesBuildPhase section */
		C49C2BE41D9D851C0051B9D8 /* Resources */ = {
			isa = PBXResourcesBuildPhase;
			buildActionMask = 2147483647;
			files = (
				C49C2BF31D9D851C0051B9D8 /* Assets.xcassets in Resources */,
				C49C2BF61D9D851C0051B9D8 /* Main.storyboard in Resources */,
			);
			runOnlyForDeploymentPostprocessing = 0;
		};
		C49C2BFA1D9D851C0051B9D8 /* Resources */ = {
			isa = PBXResourcesBuildPhase;
			buildActionMask = 2147483647;
			files = (
			);
			runOnlyForDeploymentPostprocessing = 0;
		};
		C49C2C051D9D851C0051B9D8 /* Resources */ = {
			isa = PBXResourcesBuildPhase;
			buildActionMask = 2147483647;
			files = (
			);
			runOnlyForDeploymentPostprocessing = 0;
		};
/* End PBXResourcesBuildPhase section */

/* Begin PBXSourcesBuildPhase section */
		C49C2BE21D9D851C0051B9D8 /* Sources */ = {
			isa = PBXSourcesBuildPhase;
			buildActionMask = 2147483647;
			files = (
				C49C2C1D1D9D885B0051B9D8 /* APM.m in Sources */,
				C49C2BEE1D9D851C0051B9D8 /* main.m in Sources */,
				C49C2BEB1D9D851C0051B9D8 /* AppDelegate.m in Sources */,
				C49C2C201D9D8AD30051B9D8 /* ApmStatusItem.m in Sources */,
			);
			runOnlyForDeploymentPostprocessing = 0;
		};
		C49C2BF81D9D851C0051B9D8 /* Sources */ = {
			isa = PBXSourcesBuildPhase;
			buildActionMask = 2147483647;
			files = (
				C49C2C011D9D851C0051B9D8 /* apmTests.m in Sources */,
			);
			runOnlyForDeploymentPostprocessing = 0;
		};
		C49C2C031D9D851C0051B9D8 /* Sources */ = {
			isa = PBXSourcesBuildPhase;
			buildActionMask = 2147483647;
			files = (
				C49C2C0C1D9D851C0051B9D8 /* apmUITests.m in Sources */,
			);
			runOnlyForDeploymentPostprocessing = 0;
		};
/* End PBXSourcesBuildPhase section */

/* Begin PBXTargetDependency section */
		C49C2BFE1D9D851C0051B9D8 /* PBXTargetDependency */ = {
			isa = PBXTargetDependency;
			target = C49C2BE51D9D851C0051B9D8 /* apm */;
			targetProxy = C49C2BFD1D9D851C0051B9D8 /* PBXContainerItemProxy */;
		};
		C49C2C091D9D851C0051B9D8 /* PBXTargetDependency */ = {
			isa = PBXTargetDependency;
			target = C49C2BE51D9D851C0051B9D8 /* apm */;
			targetProxy = C49C2C081D9D851C0051B9D8 /* PBXContainerItemProxy */;
		};
/* End PBXTargetDependency section */

/* Begin PBXVariantGroup section */
		C49C2BF41D9D851C0051B9D8 /* Main.storyboard */ = {
			isa = PBXVariantGroup;
			children = (
				C49C2BF51D9D851C0051B9D8 /* Base */,
			);
			name = Main.storyboard;
			sourceTree = "<group>";
		};
/* End PBXVariantGroup section */

/* Begin XCBuildConfiguration section */
		C49C2C0E1D9D851C0051B9D8 /* Debug */ = {
			isa = XCBuildConfiguration;
			buildSettings = {
				ALWAYS_SEARCH_USER_PATHS = NO;
				CLANG_ANALYZER_NONNULL = YES;
				CLANG_CXX_LANGUAGE_STANDARD = "gnu++0x";
				CLANG_CXX_LIBRARY = "libc++";
				CLANG_ENABLE_MODULES = YES;
				CLANG_ENABLE_OBJC_ARC = YES;
				CLANG_WARN_BOOL_CONVERSION = YES;
				CLANG_WARN_CONSTANT_CONVERSION = YES;
				CLANG_WARN_DIRECT_OBJC_ISA_USAGE = YES_ERROR;
				CLANG_WARN_DOCUMENTATION_COMMENTS = YES;
				CLANG_WARN_EMPTY_BODY = YES;
				CLANG_WARN_ENUM_CONVERSION = YES;
				CLANG_WARN_INFINITE_RECURSION = YES;
				CLANG_WARN_INT_CONVERSION = YES;
				CLANG_WARN_OBJC_ROOT_CLASS = YES_ERROR;
				CLANG_WARN_SUSPICIOUS_MOVES = YES;
				CLANG_WARN_UNREACHABLE_CODE = YES;
				CLANG_WARN__DUPLICATE_METHOD_MATCH = YES;
				CODE_SIGN_IDENTITY = "-";
				COPY_PHASE_STRIP = NO;
				DEBUG_INFORMATION_FORMAT = dwarf;
				ENABLE_STRICT_OBJC_MSGSEND = YES;
				ENABLE_TESTABILITY = YES;
				GCC_C_LANGUAGE_STANDARD = gnu99;
				GCC_DYNAMIC_NO_PIC = NO;
				GCC_NO_COMMON_BLOCKS = YES;
				GCC_OPTIMIZATION_LEVEL = 0;
				GCC_PREPROCESSOR_DEFINITIONS = (
					"DEBUG=1",
					"$(inherited)",
				);
				GCC_WARN_64_TO_32_BIT_CONVERSION = YES;
				GCC_WARN_ABOUT_RETURN_TYPE = YES_ERROR;
				GCC_WARN_UNDECLARED_SELECTOR = YES;
				GCC_WARN_UNINITIALIZED_AUTOS = YES_AGGRESSIVE;
				GCC_WARN_UNUSED_FUNCTION = YES;
				GCC_WARN_UNUSED_VARIABLE = YES;
				MACOSX_DEPLOYMENT_TARGET = 10.11;
				MTL_ENABLE_DEBUG_INFO = YES;
				ONLY_ACTIVE_ARCH = YES;
				SDKROOT = macosx;
			};
			name = Debug;
		};
		C49C2C0F1D9D851C0051B9D8 /* Release */ = {
			isa = XCBuildConfiguration;
			buildSettings = {
				ALWAYS_SEARCH_USER_PATHS = NO;
				CLANG_ANALYZER_NONNULL = YES;
				CLANG_CXX_LANGUAGE_STANDARD = "gnu++0x";
				CLANG_CXX_LIBRARY = "libc++";
				CLANG_ENABLE_MODULES = YES;
				CLANG_ENABLE_OBJC_ARC = YES;
				CLANG_WARN_BOOL_CONVERSION = YES;
				CLANG_WARN_CONSTANT_CONVERSION = YES;
				CLANG_WARN_DIRECT_OBJC_ISA_USAGE = YES_ERROR;
				CLANG_WARN_DOCUMENTATION_COMMENTS = YES;
				CLANG_WARN_EMPTY_BODY = YES;
				CLANG_WARN_ENUM_CONVERSION = YES;
				CLANG_WARN_INFINITE_RECURSION = YES;
				CLANG_WARN_INT_CONVERSION = YES;
				CLANG_WARN_OBJC_ROOT_CLASS = YES_ERROR;
				CLANG_WARN_SUSPICIOUS_MOVES = YES;
				CLANG_WARN_UNREACHABLE_CODE = YES;
				CLANG_WARN__DUPLICATE_METHOD_MATCH = YES;
				CODE_SIGN_IDENTITY = "-";
				COPY_PHASE_STRIP = NO;
				DEBUG_INFORMATION_FORMAT = "dwarf-with-dsym";
				ENABLE_NS_ASSERTIONS = NO;
				ENABLE_STRICT_OBJC_MSGSEND = YES;
				GCC_C_LANGUAGE_STANDARD = gnu99;
				GCC_NO_COMMON_BLOCKS = YES;
				GCC_WARN_64_TO_32_BIT_CONVERSION = YES;
				GCC_WARN_ABOUT_RETURN_TYPE = YES_ERROR;
				GCC_WARN_UNDECLARED_SELECTOR = YES;
				GCC_WARN_UNINITIALIZED_AUTOS = YES_AGGRESSIVE;
				GCC_WARN_UNUSED_FUNCTION = YES;
				GCC_WARN_UNUSED_VARIABLE = YES;
				MACOSX_DEPLOYMENT_TARGET = 10.11;
				MTL_ENABLE_DEBUG_INFO = NO;
				SDKROOT = macosx;
			};
			name = Release;
		};
		C49C2C111D9D851C0051B9D8 /* Debug */ = {
			isa = XCBuildConfiguration;
			buildSettings = {
				ASSETCATALOG_COMPILER_APPICON_NAME = AppIcon;
				COMBINE_HIDPI_IMAGES = YES;
				DEVELOPMENT_TEAM = SSS6A38FSJ;
				INFOPLIST_FILE = apm/Info.plist;
				LD_RUNPATH_SEARCH_PATHS = "$(inherited) @executable_path/../Frameworks";
				PRODUCT_BUNDLE_IDENTIFIER = com.hevets.apm;
				PRODUCT_NAME = "$(TARGET_NAME)";
			};
			name = Debug;
		};
		C49C2C121D9D851C0051B9D8 /* Release */ = {
			isa = XCBuildConfiguration;
			buildSettings = {
				ASSETCATALOG_COMPILER_APPICON_NAME = AppIcon;
				COMBINE_HIDPI_IMAGES = YES;
				DEVELOPMENT_TEAM = SSS6A38FSJ;
				INFOPLIST_FILE = apm/Info.plist;
				LD_RUNPATH_SEARCH_PATHS = "$(inherited) @executable_path/../Frameworks";
				PRODUCT_BUNDLE_IDENTIFIER = com.hevets.apm;
				PRODUCT_NAME = "$(TARGET_NAME)";
			};
			name = Release;
		};
		C49C2C141D9D851C0051B9D8 /* Debug */ = {
			isa = XCBuildConfiguration;
			buildSettings = {
				BUNDLE_LOADER = "$(TEST_HOST)";
				COMBINE_HIDPI_IMAGES = YES;
				DEVELOPMENT_TEAM = SSS6A38FSJ;
				INFOPLIST_FILE = apmTests/Info.plist;
				LD_RUNPATH_SEARCH_PATHS = "$(inherited) @executable_path/../Frameworks @loader_path/../Frameworks";
				PRODUCT_BUNDLE_IDENTIFIER = com.hevets.apmTests;
				PRODUCT_NAME = "$(TARGET_NAME)";
				TEST_HOST = "$(BUILT_PRODUCTS_DIR)/apm.app/Contents/MacOS/apm";
			};
			name = Debug;
		};
		C49C2C151D9D851C0051B9D8 /* Release */ = {
			isa = XCBuildConfiguration;
			buildSettings = {
				BUNDLE_LOADER = "$(TEST_HOST)";
				COMBINE_HIDPI_IMAGES = YES;
				DEVELOPMENT_TEAM = SSS6A38FSJ;
				INFOPLIST_FILE = apmTests/Info.plist;
				LD_RUNPATH_SEARCH_PATHS = "$(inherited) @executable_path/../Frameworks @loader_path/../Frameworks";
				PRODUCT_BUNDLE_IDENTIFIER = com.hevets.apmTests;
				PRODUCT_NAME = "$(TARGET_NAME)";
				TEST_HOST = "$(BUILT_PRODUCTS_DIR)/apm.app/Contents/MacOS/apm";
			};
			name = Release;
		};
		C49C2C171D9D851C0051B9D8 /* Debug */ = {
			isa = XCBuildConfiguration;
			buildSettings = {
				COMBINE_HIDPI_IMAGES = YES;
				DEVELOPMENT_TEAM = SSS6A38FSJ;
				INFOPLIST_FILE = apmUITests/Info.plist;
				LD_RUNPATH_SEARCH_PATHS = "$(inherited) @executable_path/../Frameworks @loader_path/../Frameworks";
				PRODUCT_BUNDLE_IDENTIFIER = com.hevets.apmUITests;
				PRODUCT_NAME = "$(TARGET_NAME)";
				TEST_TARGET_NAME = apm;
			};
			name = Debug;
		};
		C49C2C181D9D851C0051B9D8 /* Release */ = {
			isa = XCBuildConfiguration;
			buildSettings = {
				COMBINE_HIDPI_IMAGES = YES;
				DEVELOPMENT_TEAM = SSS6A38FSJ;
				INFOPLIST_FILE = apmUITests/Info.plist;
				LD_RUNPATH_SEARCH_PATHS = "$(inherited) @executable_path/../Frameworks @loader_path/../Frameworks";
				PRODUCT_BUNDLE_IDENTIFIER = com.hevets.apmUITests;
				PRODUCT_NAME = "$(TARGET_NAME)";
				TEST_TARGET_NAME = apm;
			};
			name = Release;
		};
/* End XCBuildConfiguration section */

/* Begin XCConfigurationList section */
		C49C2BE11D9D851C0051B9D8 /* Build configuration list for PBXProject "apm" */ = {
			isa = XCConfigurationList;
			buildConfigurations = (
				C49C2C0E1D9D851C0051B9D8 /* Debug */,
				C49C2C0F1D9D851C0051B9D8 /* Release */,
			);
			defaultConfigurationIsVisible = 0;
			defaultConfigurationName = Release;
		};
		C49C2C101D9D851C0051B9D8 /* Build configuration list for PBXNativeTarget "apm" */ = {
			isa = XCConfigurationList;
			buildConfigurations = (
				C49C2C111D9D851C0051B9D8 /* Debug */,
				C49C2C121D9D851C0051B9D8 /* Release */,
			);
			defaultConfigurationIsVisible = 0;
		};
		C49C2C131D9D851C0051B9D8 /* Build configuration list for PBXNativeTarget "apmTests" */ = {
			isa = XCConfigurationList;
			buildConfigurations = (
				C49C2C141D9D851C0051B9D8 /* Debug */,
				C49C2C151D9D851C0051B9D8 /* Release */,
			);
			defaultConfigurationIsVisible = 0;
		};
		C49C2C161D9D851C0051B9D8 /* Build configuration list for PBXNativeTarget "apmUITests" */ = {
			isa = XCConfigurationList;
			buildConfigurations = (
				C49C2C171D9D851C0051B9D8 /* Debug */,
				C49C2C181D9D851C0051B9D8 /* Release */,
			);
			defaultConfigurationIsVisible = 0;
		};
/* End XCConfigurationList section */
	};
	rootObject = C49C2BDE1D9D851C0051B9D8 /* Project object */;
}
